
Microsoft Visual Studio Solution File, Format Version 11.00
# Visual Studio 2010
Project("{8BC9CEB8-8B4A-11D0-8D11-00A0C91BC942}") = "hw4_task1", "hw4_task1\hw4_task1.vcxproj", "{F994397F-396D-4E34-95A0-82B06DD6D42D}"
EndProject
Global
	GlobalSection(SolutionConfigurationPlatforms) = preSolution
		Debug|Win32 = Debug|Win32
		Release|Win32 = Release|Win32
	EndGlobalSection
	GlobalSection(ProjectConfigurationPlatforms) = postSolution
		{F994397F-396D-4E34-95A0-82B06DD6D42D}.Debug|Win32.ActiveCfg = Debug|Win32
		{F994397F-396D-4E34-95A0-82B06DD6D42D}.Debug|Win32.Build.0 = Debug|Win32
		{F994397F-396D-4E34-95A0-82B06DD6D42D}.Release|Win32.ActiveCfg = Release|Win32
		{F994397F-396D-4E34-95A0-82B06DD6D42D}.Release|Win32.Build.0 = Release|Win32
	EndGlobalSection
	GlobalSection(SolutionProperties) = preSolution
		HideSolutionNode = FALSE
	EndGlobalSection
EndGlobal
